
Microsoft Visual Studio Solution File, Format Version 12.00
# Visual Studio 15
Project("{FAE04EC0-301F-11D3-BF4B-00C04F79EFBC}") = "PhotonUnityNetworking.Demos", "PhotonUnityNetworking.Demos.csproj", "{BD15DB7D-2624-0FFD-D867-3A6E8B834636}"
EndProject
Project("{FAE04EC0-301F-11D3-BF4B-00C04F79EFBC}") = "PhotonUnityNetworking.Utilities", "PhotonUnityNetworking.Utilities.csproj", "{17B7065D-B094-96DF-4BA6-2153E8F1E0B3}"
EndProject
Project("{FAE04EC0-301F-11D3-BF4B-00C04F79EFBC}") = "PhotonChat", "PhotonChat.csproj", "{59A515E0-D70C-7419-EBA4-5E6E50848EAD}"
EndProject
Project("{FAE04EC0-301F-11D3-BF4B-00C04F79EFBC}") = "PhotonUnityNetworking", "PhotonUnityNetworking.csproj", "{56640F25-7A87-2F40-1946-199825A81F60}"
EndProject
Project("{FAE04EC0-301F-11D3-BF4B-00C04F79EFBC}") = "Assembly-CSharp", "Assembly-CSharp.csproj", "{A0DB992E-14A6-67D2-367F-153B4DCC5807}"
EndProject
Project("{FAE04EC0-301F-11D3-BF4B-00C04F79EFBC}") = "PhotonRealtime", "PhotonRealtime.csproj", "{8C61AFED-0FEB-6FA5-6553-978A1CC336FD}"
EndProject
Project("{FAE04EC0-301F-11D3-BF4B-00C04F79EFBC}") = "PhotonWebSocket", "PhotonWebSocket.csproj", "{4221D5CE-EC7C-889C-0A92-2658E2ADB034}"
EndProject
Project("{FAE04EC0-301F-11D3-BF4B-00C04F79EFBC}") = "PhotonUnityNetworking.Editor", "PhotonUnityNetworking.Editor.csproj", "{5B0321B7-586F-25E3-FA13-22B9A32535DC}"
EndProject
Project("{FAE04EC0-301F-11D3-BF4B-00C04F79EFBC}") = "PunDemos.DemoHubEditor", "PunDemos.DemoHubEditor.csproj", "{AC6C186E-5B8A-34A1-E82A-B9194DCEDDC9}"
EndProject
Project("{FAE04EC0-301F-11D3-BF4B-00C04F79EFBC}") = "PhotonUnityNetworking.Utilities.PhotonPlayer.Editor", "PhotonUnityNetworking.Utilities.PhotonPlayer.Editor.csproj", "{2359036B-AAD3-613C-DA15-5799BF75A1F0}"
EndProject
Project("{FAE04EC0-301F-11D3-BF4B-00C04F79EFBC}") = "PhotonUnityNetworking.Utilities.Culling.Editor", "PhotonUnityNetworking.Utilities.Culling.Editor.csproj", "{6A6BCECC-D13C-E5B9-243E-BA1C1E5856F9}"
EndProject
Project("{FAE04EC0-301F-11D3-BF4B-00C04F79EFBC}") = "Assembly-CSharp-Editor-firstpass", "Assembly-CSharp-Editor-firstpass.csproj", "{549233BE-6A3D-E498-9E46-A66F3C9BE58E}"
EndProject
Project("{FAE04EC0-301F-11D3-BF4B-00C04F79EFBC}") = "PunDemos.DemoSlotcarEditor", "PunDemos.DemoSlotcarEditor.csproj", "{53229BB8-926B-2893-15DA-4CAEDA260D4A}"
EndProject
Global
	GlobalSection(SolutionConfigurationPlatforms) = preSolution
		Debug|Any CPU = Debug|Any CPU
		Release|Any CPU = Release|Any CPU
	EndGlobalSection
	GlobalSection(ProjectConfigurationPlatforms) = postSolution
		{BD15DB7D-2624-0FFD-D867-3A6E8B834636}.Debug|Any CPU.ActiveCfg = Debug|Any CPU
		{BD15DB7D-2624-0FFD-D867-3A6E8B834636}.Debug|Any CPU.Build.0 = Debug|Any CPU
		{BD15DB7D-2624-0FFD-D867-3A6E8B834636}.Release|Any CPU.ActiveCfg = Release|Any CPU
		{BD15DB7D-2624-0FFD-D867-3A6E8B834636}.Release|Any CPU.Build.0 = Release|Any CPU
		{17B7065D-B094-96DF-4BA6-2153E8F1E0B3}.Debug|Any CPU.ActiveCfg = Debug|Any CPU
		{17B7065D-B094-96DF-4BA6-2153E8F1E0B3}.Debug|Any CPU.Build.0 = Debug|Any CPU
		{17B7065D-B094-96DF-4BA6-2153E8F1E0B3}.Release|Any CPU.ActiveCfg = Release|Any CPU
		{17B7065D-B094-96DF-4BA6-2153E8F1E0B3}.Release|Any CPU.Build.0 = Release|Any CPU
		{59A515E0-D70C-7419-EBA4-5E6E50848EAD}.Debug|Any CPU.ActiveCfg = Debug|Any CPU
		{59A515E0-D70C-7419-EBA4-5E6E50848EAD}.Debug|Any CPU.Build.0 = Debug|Any CPU
		{59A515E0-D70C-7419-EBA4-5E6E50848EAD}.Release|Any CPU.ActiveCfg = Release|Any CPU
		{59A515E0-D70C-7419-EBA4-5E6E50848EAD}.Release|Any CPU.Build.0 = Release|Any CPU
		{56640F25-7A87-2F40-1946-199825A81F60}.Debug|Any CPU.ActiveCfg = Debug|Any CPU
		{56640F25-7A87-2F40-1946-199825A81F60}.Debug|Any CPU.Build.0 = Debug|Any CPU
		{56640F25-7A87-2F40-1946-199825A81F60}.Release|Any CPU.ActiveCfg = Release|Any CPU
		{56640F25-7A87-2F40-1946-199825A81F60}.Release|Any CPU.Build.0 = Release|Any CPU
		{A0DB992E-14A6-67D2-367F-153B4DCC5807}.Debug|Any CPU.ActiveCfg = Debug|Any CPU
		{A0DB992E-14A6-67D2-367F-153B4DCC5807}.Debug|Any CPU.Build.0 = Debug|Any CPU
		{A0DB992E-14A6-67D2-367F-153B4DCC5807}.Release|Any CPU.ActiveCfg = Release|Any CPU
		{A0DB992E-14A6-67D2-367F-153B4DCC5807}.Release|Any CPU.Build.0 = Release|Any CPU
		{8C61AFED-0FEB-6FA5-6553-978A1CC336FD}.Debug|Any CPU.ActiveCfg = Debug|Any CPU
		{8C61AFED-0FEB-6FA5-6553-978A1CC336FD}.Debug|Any CPU.Build.0 = Debug|Any CPU
		{8C61AFED-0FEB-6FA5-6553-978A1CC336FD}.Release|Any CPU.ActiveCfg = Release|Any CPU
		{8C61AFED-0FEB-6FA5-6553-978A1CC336FD}.Release|Any CPU.Build.0 = Release|Any CPU
		{4221D5CE-EC7C-889C-0A92-2658E2ADB034}.Debug|Any CPU.ActiveCfg = Debug|Any CPU
		{4221D5CE-EC7C-889C-0A92-2658E2ADB034}.Debug|Any CPU.Build.0 = Debug|Any CPU
		{4221D5CE-EC7C-889C-0A92-2658E2ADB034}.Release|Any CPU.ActiveCfg = Release|Any CPU
		{4221D5CE-EC7C-889C-0A92-2658E2ADB034}.Release|Any CPU.Build.0 = Release|Any CPU
		{5B0321B7-586F-25E3-FA13-22B9A32535DC}.Debug|Any CPU.ActiveCfg = Debug|Any CPU
		{5B0321B7-586F-25E3-FA13-22B9A32535DC}.Debug|Any CPU.Build.0 = Debug|Any CPU
		{5B0321B7-586F-25E3-FA13-22B9A32535DC}.Release|Any CPU.ActiveCfg = Release|Any CPU
		{5B0321B7-586F-25E3-FA13-22B9A32535DC}.Release|Any CPU.Build.0 = Release|Any CPU
		{AC6C186E-5B8A-34A1-E82A-B9194DCEDDC9}.Debug|Any CPU.ActiveCfg = Debug|Any CPU
		{AC6C186E-5B8A-34A1-E82A-B9194DCEDDC9}.Debug|Any CPU.Build.0 = Debug|Any CPU
		{AC6C186E-5B8A-34A1-E82A-B9194DCEDDC9}.Release|Any CPU.ActiveCfg = Release|Any CPU
		{AC6C186E-5B8A-34A1-E82A-B9194DCEDDC9}.Release|Any CPU.Build.0 = Release|Any CPU
		{2359036B-AAD3-613C-DA15-5799BF75A1F0}.Debug|Any CPU.ActiveCfg = Debug|Any CPU
		{2359036B-AAD3-613C-DA15-5799BF75A1F0}.Debug|Any CPU.Build.0 = Debug|Any CPU
		{2359036B-AAD3-613C-DA15-5799BF75A1F0}.Release|Any CPU.ActiveCfg = Release|Any CPU
		{2359036B-AAD3-613C-DA15-5799BF75A1F0}.Release|Any CPU.Build.0 = Release|Any CPU
		{6A6BCECC-D13C-E5B9-243E-BA1C1E5856F9}.Debug|Any CPU.ActiveCfg = Debug|Any CPU
		{6A6BCECC-D13C-E5B9-243E-BA1C1E5856F9}.Debug|Any CPU.Build.0 = Debug|Any CPU
		{6A6BCECC-D13C-E5B9-243E-BA1C1E5856F9}.Release|Any CPU.ActiveCfg = Release|Any CPU
		{6A6BCECC-D13C-E5B9-243E-BA1C1E5856F9}.Release|Any CPU.Build.0 = Release|Any CPU
		{549233BE-6A3D-E498-9E46-A66F3C9BE58E}.Debug|Any CPU.ActiveCfg = Debug|Any CPU
		{549233BE-6A3D-E498-9E46-A66F3C9BE58E}.Debug|Any CPU.Build.0 = Debug|Any CPU
		{549233BE-6A3D-E498-9E46-A66F3C9BE58E}.Release|Any CPU.ActiveCfg = Release|Any CPU
		{549233BE-6A3D-E498-9E46-A66F3C9BE58E}.Release|Any CPU.Build.0 = Release|Any CPU
		{53229BB8-926B-2893-15DA-4CAEDA260D4A}.Debug|Any CPU.ActiveCfg = Debug|Any CPU
		{53229BB8-926B-2893-15DA-4CAEDA260D4A}.Debug|Any CPU.Build.0 = Debug|Any CPU
		{53229BB8-926B-2893-15DA-4CAEDA260D4A}.Release|Any CPU.ActiveCfg = Release|Any CPU
		{53229BB8-926B-2893-15DA-4CAEDA260D4A}.Release|Any CPU.Build.0 = Release|Any CPU
	EndGlobalSection
	GlobalSection(SolutionProperties) = preSolution
		HideSolutionNode = FALSE
	EndGlobalSection
EndGlobal
